
Microsoft Visual Studio Solution File, Format Version 10.00
# Visual Studio 2008
Project("{FAE04EC0-301F-11D3-BF4B-00C04F79EFBC}") = "ZoomPanWPF", "ZoomPanWPF.csproj", "{D4E7A690-283B-44B8-B250-CBB3D6757E79}"
EndProject
Global
	GlobalSection(SolutionConfigurationPlatforms) = preSolution
		Debug|Any CPU = Debug|Any CPU
		Release|Any CPU = Release|Any CPU
	EndGlobalSection
	GlobalSection(ProjectConfigurationPlatforms) = postSolution
		{D4E7A690-283B-44B8-B250-CBB3D6757E79}.Debug|Any CPU.ActiveCfg = Debug|Any CPU
		{D4E7A690-283B-44B8-B250-CBB3D6757E79}.Debug|Any CPU.Build.0 = Debug|Any CPU
		{D4E7A690-283B-44B8-B250-CBB3D6757E79}.Release|Any CPU.ActiveCfg = Release|Any CPU
		{D4E7A690-283B-44B8-B250-CBB3D6757E79}.Release|Any CPU.Build.0 = Release|Any CPU
	EndGlobalSection
	GlobalSection(SolutionProperties) = preSolution
		HideSolutionNode = FALSE
	EndGlobalSection
EndGlobal
